
Microsoft Visual Studio Solution File, Format Version 12.00
# Visual Studio Version 17
VisualStudioVersion = 17.0.32014.148
MinimumVisualStudioVersion = 10.0.40219.1
Project("{FAE04EC0-301F-11D3-BF4B-00C04F79EFBC}") = "screen_overlay_v1", "screen_overlay_v1\screen_overlay_v1.csproj", "{220AB899-A3A0-4906-B5F0-FF2FAE34406B}"
EndProject
Global
	GlobalSection(SolutionConfigurationPlatforms) = preSolution
		Debug|Any CPU = Debug|Any CPU
		Release|Any CPU = Release|Any CPU
	EndGlobalSection
	GlobalSection(ProjectConfigurationPlatforms) = postSolution
		{220AB899-A3A0-4906-B5F0-FF2FAE34406B}.Debug|Any CPU.ActiveCfg = Debug|Any CPU
		{220AB899-A3A0-4906-B5F0-FF2FAE34406B}.Debug|Any CPU.Build.0 = Debug|Any CPU
		{220AB899-A3A0-4906-B5F0-FF2FAE34406B}.Release|Any CPU.ActiveCfg = Release|Any CPU
		{220AB899-A3A0-4906-B5F0-FF2FAE34406B}.Release|Any CPU.Build.0 = Release|Any CPU
	EndGlobalSection
	GlobalSection(SolutionProperties) = preSolution
		HideSolutionNode = FALSE
	EndGlobalSection
	GlobalSection(ExtensibilityGlobals) = postSolution
		SolutionGuid = {FE3D7F06-CAEE-4FB3-A3AD-C513B4ED0436}
	EndGlobalSection
EndGlobal
